// !$*UTF8*$!
{
	archiveVersion = 1;
	classes = {
	};
	objectVersion = 56;
	objects = {

/* Begin PBXBuildFile section */
		005E0394616B4ACE94F19B09 /* Pods_SemsNewsProject.framework in Frameworks */ = {isa = PBXBuildFile; fileRef = B97DCBAAE76151121237E74C /* Pods_SemsNewsProject.framework */; };
		930A00CC29C251FB0097C5CC /* LoginViewModel.swift in Sources */ = {isa = PBXBuildFile; fileRef = 930A00CB29C251FB0097C5CC /* LoginViewModel.swift */; };
		930A00D029C25E970097C5CC /* ApiManager.swift in Sources */ = {isa = PBXBuildFile; fileRef = 930A00CF29C25E970097C5CC /* ApiManager.swift */; };
		930A00D729C2656E0097C5CC /* HomeViewModel.swift in Sources */ = {isa = PBXBuildFile; fileRef = 930A00D629C2656E0097C5CC /* HomeViewModel.swift */; };
		930A00E029C26B690097C5CC /* HomeViewController.swift in Sources */ = {isa = PBXBuildFile; fileRef = 930A00DE29C26B690097C5CC /* HomeViewController.swift */; };
		930A00E129C26B690097C5CC /* HomeViewController.xib in Resources */ = {isa = PBXBuildFile; fileRef = 930A00DF29C26B690097C5CC /* HomeViewController.xib */; };
		DA263A1829C3247900AC8AF2 /* HomeViewCell.swift in Sources */ = {isa = PBXBuildFile; fileRef = DA263A1629C3247900AC8AF2 /* HomeViewCell.swift */; };
		DA263A1929C3247900AC8AF2 /* HomeViewCell.xib in Resources */ = {isa = PBXBuildFile; fileRef = DA263A1729C3247900AC8AF2 /* HomeViewCell.xib */; };
		DA263A1D29C34EE100AC8AF2 /* anime.json in Resources */ = {isa = PBXBuildFile; fileRef = DA263A1C29C34EE100AC8AF2 /* anime.json */; };
		DA53D88129C631DC00A767DD /* SettingsViewController.swift in Sources */ = {isa = PBXBuildFile; fileRef = DA53D87F29C631DC00A767DD /* SettingsViewController.swift */; };
		DA53D88229C631DC00A767DD /* SettingsViewController.xib in Resources */ = {isa = PBXBuildFile; fileRef = DA53D88029C631DC00A767DD /* SettingsViewController.xib */; };
		DA9C52EE29C72FF10013B951 /* FirebaseModel.swift in Sources */ = {isa = PBXBuildFile; fileRef = DA9C52ED29C72FF10013B951 /* FirebaseModel.swift */; };
		DA9C52F029C73C2F0013B951 /* FavoriteViewModel.swift in Sources */ = {isa = PBXBuildFile; fileRef = DA9C52EF29C73C2F0013B951 /* FavoriteViewModel.swift */; };
		DAA221AE29C0F6F600C7F80C /* AppDelegate.swift in Sources */ = {isa = PBXBuildFile; fileRef = DAA221AD29C0F6F600C7F80C /* AppDelegate.swift */; };
		DAA221B029C0F6F600C7F80C /* SceneDelegate.swift in Sources */ = {isa = PBXBuildFile; fileRef = DAA221AF29C0F6F600C7F80C /* SceneDelegate.swift */; };
		DAA221B229C0F6F600C7F80C /* LoginViewController.swift in Sources */ = {isa = PBXBuildFile; fileRef = DAA221B129C0F6F600C7F80C /* LoginViewController.swift */; };
		DAA221B529C0F6F600C7F80C /* Login.storyboard in Resources */ = {isa = PBXBuildFile; fileRef = DAA221B329C0F6F600C7F80C /* Login.storyboard */; };
		DAA221B729C0F6FA00C7F80C /* Assets.xcassets in Resources */ = {isa = PBXBuildFile; fileRef = DAA221B629C0F6FA00C7F80C /* Assets.xcassets */; };
		DAA221BA29C0F6FA00C7F80C /* LaunchScreen.storyboard in Resources */ = {isa = PBXBuildFile; fileRef = DAA221B829C0F6FA00C7F80C /* LaunchScreen.storyboard */; };
		DAA221C229C0F90900C7F80C /* GoogleService-Info.plist in Resources */ = {isa = PBXBuildFile; fileRef = DAA221C129C0F90800C7F80C /* GoogleService-Info.plist */; };
		DAA221C429C114C600C7F80C /* ResponseModel.swift in Sources */ = {isa = PBXBuildFile; fileRef = DAA221C329C114C600C7F80C /* ResponseModel.swift */; };
		DAAEA2DE29C5C3F300FC2265 /* TabbarViewController.swift in Sources */ = {isa = PBXBuildFile; fileRef = DAAEA2DC29C5C3F300FC2265 /* TabbarViewController.swift */; };
		DAAEA2DF29C5C3F300FC2265 /* TabbarViewController.xib in Resources */ = {isa = PBXBuildFile; fileRef = DAAEA2DD29C5C3F300FC2265 /* TabbarViewController.xib */; };
		DAAEA2E729C5E53100FC2265 /* SearchViewController.swift in Sources */ = {isa = PBXBuildFile; fileRef = DAAEA2E529C5E53100FC2265 /* SearchViewController.swift */; };
		DAAEA2E829C5E53100FC2265 /* SearchViewController.xib in Resources */ = {isa = PBXBuildFile; fileRef = DAAEA2E629C5E53100FC2265 /* SearchViewController.xib */; };
		DAAEA2EA29C5E97200FC2265 /* SearcViewModel.swift in Sources */ = {isa = PBXBuildFile; fileRef = DAAEA2E929C5E97200FC2265 /* SearcViewModel.swift */; };
		DACB6EE529C640930029E1F1 /* FavoriteViewController.swift in Sources */ = {isa = PBXBuildFile; fileRef = DACB6EE329C640930029E1F1 /* FavoriteViewController.swift */; };
		DACB6EE629C640930029E1F1 /* FavoriteViewController.xib in Resources */ = {isa = PBXBuildFile; fileRef = DACB6EE429C640930029E1F1 /* FavoriteViewController.xib */; };
/* End PBXBuildFile section */

/* Begin PBXFileReference section */
		2BFA466739201D90065EE5F4 /* Pods-SemsNewsProject.debug.xcconfig */ = {isa = PBXFileReference; includeInIndex = 1; lastKnownFileType = text.xcconfig; name = "Pods-SemsNewsProject.debug.xcconfig"; path = "Target Support Files/Pods-SemsNewsProject/Pods-SemsNewsProject.debug.xcconfig"; sourceTree = "<group>"; };
		4458812D5E0F184844F62F4A /* Pods-SemsNewsProject.release.xcconfig */ = {isa = PBXFileReference; includeInIndex = 1; lastKnownFileType = text.xcconfig; name = "Pods-SemsNewsProject.release.xcconfig"; path = "Target Support Files/Pods-SemsNewsProject/Pods-SemsNewsProject.release.xcconfig"; sourceTree = "<group>"; };
		930A00CB29C251FB0097C5CC /* LoginViewModel.swift */ = {isa = PBXFileReference; lastKnownFileType = sourcecode.swift; path = LoginViewModel.swift; sourceTree = "<group>"; };
		930A00CF29C25E970097C5CC /* ApiManager.swift */ = {isa = PBXFileReference; lastKnownFileType = sourcecode.swift; path = ApiManager.swift; sourceTree = "<group>"; };
		930A00D629C2656E0097C5CC /* HomeViewModel.swift */ = {isa = PBXFileReference; lastKnownFileType = sourcecode.swift; path = HomeViewModel.swift; sourceTree = "<group>"; };
		930A00DE29C26B690097C5CC /* HomeViewController.swift */ = {isa = PBXFileReference; lastKnownFileType = sourcecode.swift; path = HomeViewController.swift; sourceTree = "<group>"; };
		930A00DF29C26B690097C5CC /* HomeViewController.xib */ = {isa = PBXFileReference; lastKnownFileType = file.xib; path = HomeViewController.xib; sourceTree = "<group>"; };
		B97DCBAAE76151121237E74C /* Pods_SemsNewsProject.framework */ = {isa = PBXFileReference; explicitFileType = wrapper.framework; includeInIndex = 0; path = Pods_SemsNewsProject.framework; sourceTree = BUILT_PRODUCTS_DIR; };
		DA263A1629C3247900AC8AF2 /* HomeViewCell.swift */ = {isa = PBXFileReference; lastKnownFileType = sourcecode.swift; path = HomeViewCell.swift; sourceTree = "<group>"; };
		DA263A1729C3247900AC8AF2 /* HomeViewCell.xib */ = {isa = PBXFileReference; lastKnownFileType = file.xib; path = HomeViewCell.xib; sourceTree = "<group>"; };
		DA263A1C29C34EE100AC8AF2 /* anime.json */ = {isa = PBXFileReference; fileEncoding = 4; lastKnownFileType = text.json; path = anime.json; sourceTree = "<group>"; };
		DA53D87F29C631DC00A767DD /* SettingsViewController.swift */ = {isa = PBXFileReference; lastKnownFileType = sourcecode.swift; path = SettingsViewController.swift; sourceTree = "<group>"; };
		DA53D88029C631DC00A767DD /* SettingsViewController.xib */ = {isa = PBXFileReference; lastKnownFileType = file.xib; path = SettingsViewController.xib; sourceTree = "<group>"; };
		DA9C52ED29C72FF10013B951 /* FirebaseModel.swift */ = {isa = PBXFileReference; lastKnownFileType = sourcecode.swift; path = FirebaseModel.swift; sourceTree = "<group>"; };
		DA9C52EF29C73C2F0013B951 /* FavoriteViewModel.swift */ = {isa = PBXFileReference; lastKnownFileType = sourcecode.swift; path = FavoriteViewModel.swift; sourceTree = "<group>"; };
		DAA221AA29C0F6F600C7F80C /* SemsNewsProject.app */ = {isa = PBXFileReference; explicitFileType = wrapper.application; includeInIndex = 0; path = SemsNewsProject.app; sourceTree = BUILT_PRODUCTS_DIR; };
		DAA221AD29C0F6F600C7F80C /* AppDelegate.swift */ = {isa = PBXFileReference; lastKnownFileType = sourcecode.swift; path = AppDelegate.swift; sourceTree = "<group>"; };
		DAA221AF29C0F6F600C7F80C /* SceneDelegate.swift */ = {isa = PBXFileReference; lastKnownFileType = sourcecode.swift; path = SceneDelegate.swift; sourceTree = "<group>"; };
		DAA221B129C0F6F600C7F80C /* LoginViewController.swift */ = {isa = PBXFileReference; lastKnownFileType = sourcecode.swift; path = LoginViewController.swift; sourceTree = "<group>"; };
		DAA221B429C0F6F600C7F80C /* Base */ = {isa = PBXFileReference; lastKnownFileType = file.storyboard; name = Base; path = Base.lproj/Login.storyboard; sourceTree = "<group>"; };
		DAA221B629C0F6FA00C7F80C /* Assets.xcassets */ = {isa = PBXFileReference; lastKnownFileType = folder.assetcatalog; path = Assets.xcassets; sourceTree = "<group>"; };
		DAA221B929C0F6FA00C7F80C /* Base */ = {isa = PBXFileReference; lastKnownFileType = file.storyboard; name = Base; path = Base.lproj/LaunchScreen.storyboard; sourceTree = "<group>"; };
		DAA221BB29C0F6FA00C7F80C /* Info.plist */ = {isa = PBXFileReference; lastKnownFileType = text.plist.xml; path = Info.plist; sourceTree = "<group>"; };
		DAA221C129C0F90800C7F80C /* GoogleService-Info.plist */ = {isa = PBXFileReference; fileEncoding = 4; lastKnownFileType = text.plist.xml; path = "GoogleService-Info.plist"; sourceTree = "<group>"; };
		DAA221C329C114C600C7F80C /* ResponseModel.swift */ = {isa = PBXFileReference; lastKnownFileType = sourcecode.swift; path = ResponseModel.swift; sourceTree = "<group>"; };
		DAAEA2DC29C5C3F300FC2265 /* TabbarViewController.swift */ = {isa = PBXFileReference; lastKnownFileType = sourcecode.swift; path = TabbarViewController.swift; sourceTree = "<group>"; };
		DAAEA2DD29C5C3F300FC2265 /* TabbarViewController.xib */ = {isa = PBXFileReference; lastKnownFileType = file.xib; path = TabbarViewController.xib; sourceTree = "<group>"; };
		DAAEA2E529C5E53100FC2265 /* SearchViewController.swift */ = {isa = PBXFileReference; lastKnownFileType = sourcecode.swift; path = SearchViewController.swift; sourceTree = "<group>"; };
		DAAEA2E629C5E53100FC2265 /* SearchViewController.xib */ = {isa = PBXFileReference; lastKnownFileType = file.xib; path = SearchViewController.xib; sourceTree = "<group>"; };
		DAAEA2E929C5E97200FC2265 /* SearcViewModel.swift */ = {isa = PBXFileReference; lastKnownFileType = sourcecode.swift; path = SearcViewModel.swift; sourceTree = "<group>"; };
		DACB6EE329C640930029E1F1 /* FavoriteViewController.swift */ = {isa = PBXFileReference; lastKnownFileType = sourcecode.swift; path = FavoriteViewController.swift; sourceTree = "<group>"; };
		DACB6EE429C640930029E1F1 /* FavoriteViewController.xib */ = {isa = PBXFileReference; lastKnownFileType = file.xib; path = FavoriteViewController.xib; sourceTree = "<group>"; };
/* End PBXFileReference section */

/* Begin PBXFrameworksBuildPhase section */
		DAA221A729C0F6F600C7F80C /* Frameworks */ = {
			isa = PBXFrameworksBuildPhase;
			buildActionMask = 2147483647;
			files = (
				005E0394616B4ACE94F19B09 /* Pods_SemsNewsProject.framework in Frameworks */,
			);
			runOnlyForDeploymentPostprocessing = 0;
		};
/* End PBXFrameworksBuildPhase section */

/* Begin PBXGroup section */
		472925FD0F10565D7EB7BB11 /* Pods */ = {
			isa = PBXGroup;
			children = (
				2BFA466739201D90065EE5F4 /* Pods-SemsNewsProject.debug.xcconfig */,
				4458812D5E0F184844F62F4A /* Pods-SemsNewsProject.release.xcconfig */,
			);
			path = Pods;
			sourceTree = "<group>";
		};
		7C8D47CDDB749EEB2E0647B9 /* Frameworks */ = {
			isa = PBXGroup;
			children = (
				B97DCBAAE76151121237E74C /* Pods_SemsNewsProject.framework */,
			);
			name = Frameworks;
			sourceTree = "<group>";
		};
		930A00CA29C24DFA0097C5CC /* AppDelegate */ = {
			isa = PBXGroup;
			children = (
				DAA221AF29C0F6F600C7F80C /* SceneDelegate.swift */,
				DAA221AD29C0F6F600C7F80C /* AppDelegate.swift */,
			);
			path = AppDelegate;
			sourceTree = "<group>";
		};
		930A00CD29C25E670097C5CC /* Shared */ = {
			isa = PBXGroup;
			children = (
				DAA221C629C1C00400C7F80C /* Models */,
				930A00CE29C25E730097C5CC /* Managers */,
			);
			path = Shared;
			sourceTree = "<group>";
		};
		930A00CE29C25E730097C5CC /* Managers */ = {
			isa = PBXGroup;
			children = (
				930A00CF29C25E970097C5CC /* ApiManager.swift */,
			);
			path = Managers;
			sourceTree = "<group>";
		};
		930A00D129C262CE0097C5CC /* Home */ = {
			isa = PBXGroup;
			children = (
				930A00D629C2656E0097C5CC /* HomeViewModel.swift */,
				930A00DE29C26B690097C5CC /* HomeViewController.swift */,
				930A00DF29C26B690097C5CC /* HomeViewController.xib */,
				DA263A1629C3247900AC8AF2 /* HomeViewCell.swift */,
				DA263A1729C3247900AC8AF2 /* HomeViewCell.xib */,
			);
			path = Home;
			sourceTree = "<group>";
		};
		DAA221A129C0F6F600C7F80C = {
			isa = PBXGroup;
			children = (
				DAA221AC29C0F6F600C7F80C /* SemsNewsProject */,
				DAA221AB29C0F6F600C7F80C /* Products */,
				472925FD0F10565D7EB7BB11 /* Pods */,
				7C8D47CDDB749EEB2E0647B9 /* Frameworks */,
			);
			sourceTree = "<group>";
		};
		DAA221AB29C0F6F600C7F80C /* Products */ = {
			isa = PBXGroup;
			children = (
				DAA221AA29C0F6F600C7F80C /* SemsNewsProject.app */,
			);
			name = Products;
			sourceTree = "<group>";
		};
		DAA221AC29C0F6F600C7F80C /* SemsNewsProject */ = {
			isa = PBXGroup;
			children = (
				DAA221B629C0F6FA00C7F80C /* Assets.xcassets */,
				DAA221C129C0F90800C7F80C /* GoogleService-Info.plist */,
				DA263A1C29C34EE100AC8AF2 /* anime.json */,
				DAA221BB29C0F6FA00C7F80C /* Info.plist */,
				DAA221B829C0F6FA00C7F80C /* LaunchScreen.storyboard */,
				930A00CA29C24DFA0097C5CC /* AppDelegate */,
				DAD121A229C2466A00C94701 /* Screens */,
				930A00CD29C25E670097C5CC /* Shared */,
			);
			path = SemsNewsProject;
			sourceTree = "<group>";
		};
		DAA221C629C1C00400C7F80C /* Models */ = {
			isa = PBXGroup;
			children = (
				DAA221C329C114C600C7F80C /* ResponseModel.swift */,
				DA9C52ED29C72FF10013B951 /* FirebaseModel.swift */,
			);
			path = Models;
			sourceTree = "<group>";
		};
		DAAEA2DB29C5C3DD00FC2265 /* Tabbar */ = {
			isa = PBXGroup;
			children = (
				DAAEA2DC29C5C3F300FC2265 /* TabbarViewController.swift */,
				DAAEA2DD29C5C3F300FC2265 /* TabbarViewController.xib */,
			);
			path = Tabbar;
			sourceTree = "<group>";
		};
		DAAEA2E029C5CCF700FC2265 /* Search */ = {
			isa = PBXGroup;
			children = (
				DAAEA2E529C5E53100FC2265 /* SearchViewController.swift */,
				DAAEA2E929C5E97200FC2265 /* SearcViewModel.swift */,
				DAAEA2E629C5E53100FC2265 /* SearchViewController.xib */,
			);
			path = Search;
			sourceTree = "<group>";
		};
		DACB6EE129C63FC20029E1F1 /* Settings */ = {
			isa = PBXGroup;
			children = (
				DA53D87F29C631DC00A767DD /* SettingsViewController.swift */,
				DA53D88029C631DC00A767DD /* SettingsViewController.xib */,
			);
			path = Settings;
			sourceTree = "<group>";
		};
		DACB6EE229C640610029E1F1 /* Favorite */ = {
			isa = PBXGroup;
			children = (
				DACB6EE329C640930029E1F1 /* FavoriteViewController.swift */,
				DA9C52EF29C73C2F0013B951 /* FavoriteViewModel.swift */,
				DACB6EE429C640930029E1F1 /* FavoriteViewController.xib */,
			);
			path = Favorite;
			sourceTree = "<group>";
		};
		DAD121A229C2466A00C94701 /* Screens */ = {
			isa = PBXGroup;
			children = (
				DACB6EE229C640610029E1F1 /* Favorite */,
				930A00D129C262CE0097C5CC /* Home */,
				DAD121A329C2467F00C94701 /* Login */,
				DAAEA2E029C5CCF700FC2265 /* Search */,
				DACB6EE129C63FC20029E1F1 /* Settings */,
				DAAEA2DB29C5C3DD00FC2265 /* Tabbar */,
			);
			path = Screens;
			sourceTree = "<group>";
		};
		DAD121A329C2467F00C94701 /* Login */ = {
			isa = PBXGroup;
			children = (
				DAA221B329C0F6F600C7F80C /* Login.storyboard */,
				DAA221B129C0F6F600C7F80C /* LoginViewController.swift */,
				930A00CB29C251FB0097C5CC /* LoginViewModel.swift */,
			);
			path = Login;
			sourceTree = "<group>";
		};
/* End PBXGroup section */

/* Begin PBXNativeTarget section */
		DAA221A929C0F6F600C7F80C /* SemsNewsProject */ = {
			isa = PBXNativeTarget;
			buildConfigurationList = DAA221BE29C0F6FA00C7F80C /* Build configuration list for PBXNativeTarget "SemsNewsProject" */;
			buildPhases = (
				521A210E97CD67375AF8E85D /* [CP] Check Pods Manifest.lock */,
				DAA221A629C0F6F600C7F80C /* Sources */,
				DAA221A729C0F6F600C7F80C /* Frameworks */,
				DAA221A829C0F6F600C7F80C /* Resources */,
				0CD52DC08FE56AC76AD58281 /* [CP] Embed Pods Frameworks */,
			);
			buildRules = (
			);
			dependencies = (
			);
			name = SemsNewsProject;
			productName = SemsNewsProject;
			productReference = DAA221AA29C0F6F600C7F80C /* SemsNewsProject.app */;
			productType = "com.apple.product-type.application";
		};
/* End PBXNativeTarget section */

/* Begin PBXProject section */
		DAA221A229C0F6F600C7F80C /* Project object */ = {
			isa = PBXProject;
			attributes = {
				BuildIndependentTargetsInParallel = 1;
				LastSwiftUpdateCheck = 1420;
				LastUpgradeCheck = 1420;
				TargetAttributes = {
					DAA221A929C0F6F600C7F80C = {
						CreatedOnToolsVersion = 14.2;
					};
				};
			};
			buildConfigurationList = DAA221A529C0F6F600C7F80C /* Build configuration list for PBXProject "SemsNewsProject" */;
			compatibilityVersion = "Xcode 14.0";
			developmentRegion = en;
			hasScannedForEncodings = 0;
			knownRegions = (
				en,
				Base,
			);
			mainGroup = DAA221A129C0F6F600C7F80C;
			productRefGroup = DAA221AB29C0F6F600C7F80C /* Products */;
			projectDirPath = "";
			projectRoot = "";
			targets = (
				DAA221A929C0F6F600C7F80C /* SemsNewsProject */,
			);
		};
/* End PBXProject section */

/* Begin PBXResourcesBuildPhase section */
		DAA221A829C0F6F600C7F80C /* Resources */ = {
			isa = PBXResourcesBuildPhase;
			buildActionMask = 2147483647;
			files = (
				DAA221BA29C0F6FA00C7F80C /* LaunchScreen.storyboard in Resources */,
				DAA221C229C0F90900C7F80C /* GoogleService-Info.plist in Resources */,
				DACB6EE629C640930029E1F1 /* FavoriteViewController.xib in Resources */,
				DA53D88229C631DC00A767DD /* SettingsViewController.xib in Resources */,
				DAA221B729C0F6FA00C7F80C /* Assets.xcassets in Resources */,
				DA263A1929C3247900AC8AF2 /* HomeViewCell.xib in Resources */,
				DAAEA2DF29C5C3F300FC2265 /* TabbarViewController.xib in Resources */,
				DAAEA2E829C5E53100FC2265 /* SearchViewController.xib in Resources */,
				DA263A1D29C34EE100AC8AF2 /* anime.json in Resources */,
				930A00E129C26B690097C5CC /* HomeViewController.xib in Resources */,
				DAA221B529C0F6F600C7F80C /* Login.storyboard in Resources */,
			);
			runOnlyForDeploymentPostprocessing = 0;
		};
/* End PBXResourcesBuildPhase section */

/* Begin PBXShellScriptBuildPhase section */
		0CD52DC08FE56AC76AD58281 /* [CP] Embed Pods Frameworks */ = {
			isa = PBXShellScriptBuildPhase;
			buildActionMask = 2147483647;
			files = (
			);
			inputFileListPaths = (
				"${PODS_ROOT}/Target Support Files/Pods-SemsNewsProject/Pods-SemsNewsProject-frameworks-${CONFIGURATION}-input-files.xcfilelist",
			);
			name = "[CP] Embed Pods Frameworks";
			outputFileListPaths = (
				"${PODS_ROOT}/Target Support Files/Pods-SemsNewsProject/Pods-SemsNewsProject-frameworks-${CONFIGURATION}-output-files.xcfilelist",
			);
			runOnlyForDeploymentPostprocessing = 0;
			shellPath = /bin/sh;
			shellScript = "\"${PODS_ROOT}/Target Support Files/Pods-SemsNewsProject/Pods-SemsNewsProject-frameworks.sh\"\n";
			showEnvVarsInLog = 0;
		};
		521A210E97CD67375AF8E85D /* [CP] Check Pods Manifest.lock */ = {
			isa = PBXShellScriptBuildPhase;
			buildActionMask = 2147483647;
			files = (
			);
			inputFileListPaths = (
			);
			inputPaths = (
				"${PODS_PODFILE_DIR_PATH}/Podfile.lock",
				"${PODS_ROOT}/Manifest.lock",
			);
			name = "[CP] Check Pods Manifest.lock";
			outputFileListPaths = (
			);
			outputPaths = (
				"$(DERIVED_FILE_DIR)/Pods-SemsNewsProject-checkManifestLockResult.txt",
			);
			runOnlyForDeploymentPostprocessing = 0;
			shellPath = /bin/sh;
			shellScript = "diff \"${PODS_PODFILE_DIR_PATH}/Podfile.lock\" \"${PODS_ROOT}/Manifest.lock\" > /dev/null\nif [ $? != 0 ] ; then\n    # print error to STDERR\n    echo \"error: The sandbox is not in sync with the Podfile.lock. Run 'pod install' or update your CocoaPods installation.\" >&2\n    exit 1\nfi\n# This output is used by Xcode 'outputs' to avoid re-running this script phase.\necho \"SUCCESS\" > \"${SCRIPT_OUTPUT_FILE_0}\"\n";
			showEnvVarsInLog = 0;
		};
/* End PBXShellScriptBuildPhase section */

/* Begin PBXSourcesBuildPhase section */
		DAA221A629C0F6F600C7F80C /* Sources */ = {
			isa = PBXSourcesBuildPhase;
			buildActionMask = 2147483647;
			files = (
				DA9C52F029C73C2F0013B951 /* FavoriteViewModel.swift in Sources */,
				DAA221B229C0F6F600C7F80C /* LoginViewController.swift in Sources */,
				DAAEA2E729C5E53100FC2265 /* SearchViewController.swift in Sources */,
				930A00D729C2656E0097C5CC /* HomeViewModel.swift in Sources */,
				DAA221AE29C0F6F600C7F80C /* AppDelegate.swift in Sources */,
				DACB6EE529C640930029E1F1 /* FavoriteViewController.swift in Sources */,
				930A00D029C25E970097C5CC /* ApiManager.swift in Sources */,
				DAA221B029C0F6F600C7F80C /* SceneDelegate.swift in Sources */,
				930A00CC29C251FB0097C5CC /* LoginViewModel.swift in Sources */,
				DA9C52EE29C72FF10013B951 /* FirebaseModel.swift in Sources */,
				DAAEA2EA29C5E97200FC2265 /* SearcViewModel.swift in Sources */,
				DA53D88129C631DC00A767DD /* SettingsViewController.swift in Sources */,
				DAA221C429C114C600C7F80C /* ResponseModel.swift in Sources */,
				930A00E029C26B690097C5CC /* HomeViewController.swift in Sources */,
				DAAEA2DE29C5C3F300FC2265 /* TabbarViewController.swift in Sources */,
				DA263A1829C3247900AC8AF2 /* HomeViewCell.swift in Sources */,
			);
			runOnlyForDeploymentPostprocessing = 0;
		};
/* End PBXSourcesBuildPhase section */

/* Begin PBXVariantGroup section */
		DAA221B329C0F6F600C7F80C /* Login.storyboard */ = {
			isa = PBXVariantGroup;
			children = (
				DAA221B429C0F6F600C7F80C /* Base */,
			);
			name = Login.storyboard;
			sourceTree = "<group>";
		};
		DAA221B829C0F6FA00C7F80C /* LaunchScreen.storyboard */ = {
			isa = PBXVariantGroup;
			children = (
				DAA221B929C0F6FA00C7F80C /* Base */,
			);
			name = LaunchScreen.storyboard;
			sourceTree = "<group>";
		};
/* End PBXVariantGroup section */

/* Begin XCBuildConfiguration section */
		DAA221BC29C0F6FA00C7F80C /* Debug */ = {
			isa = XCBuildConfiguration;
			buildSettings = {
				ALWAYS_SEARCH_USER_PATHS = NO;
				CLANG_ANALYZER_NONNULL = YES;
				CLANG_ANALYZER_NUMBER_OBJECT_CONVERSION = YES_AGGRESSIVE;
				CLANG_CXX_LANGUAGE_STANDARD = "gnu++20";
				CLANG_ENABLE_MODULES = YES;
				CLANG_ENABLE_OBJC_ARC = YES;
				CLANG_ENABLE_OBJC_WEAK = YES;
				CLANG_WARN_BLOCK_CAPTURE_AUTORELEASING = YES;
				CLANG_WARN_BOOL_CONVERSION = YES;
				CLANG_WARN_COMMA = YES;
				CLANG_WARN_CONSTANT_CONVERSION = YES;
				CLANG_WARN_DEPRECATED_OBJC_IMPLEMENTATIONS = YES;
				CLANG_WARN_DIRECT_OBJC_ISA_USAGE = YES_ERROR;
				CLANG_WARN_DOCUMENTATION_COMMENTS = YES;
				CLANG_WARN_EMPTY_BODY = YES;
				CLANG_WARN_ENUM_CONVERSION = YES;
				CLANG_WARN_INFINITE_RECURSION = YES;
				CLANG_WARN_INT_CONVERSION = YES;
				CLANG_WARN_NON_LITERAL_NULL_CONVERSION = YES;
				CLANG_WARN_OBJC_IMPLICIT_RETAIN_SELF = YES;
				CLANG_WARN_OBJC_LITERAL_CONVERSION = YES;
				CLANG_WARN_OBJC_ROOT_CLASS = YES_ERROR;
				CLANG_WARN_QUOTED_INCLUDE_IN_FRAMEWORK_HEADER = YES;
				CLANG_WARN_RANGE_LOOP_ANALYSIS = YES;
				CLANG_WARN_STRICT_PROTOTYPES = YES;
				CLANG_WARN_SUSPICIOUS_MOVE = YES;
				CLANG_WARN_UNGUARDED_AVAILABILITY = YES_AGGRESSIVE;
				CLANG_WARN_UNREACHABLE_CODE = YES;
				CLANG_WARN__DUPLICATE_METHOD_MATCH = YES;
				COPY_PHASE_STRIP = NO;
				DEBUG_INFORMATION_FORMAT = dwarf;
				ENABLE_STRICT_OBJC_MSGSEND = YES;
				ENABLE_TESTABILITY = YES;
				GCC_C_LANGUAGE_STANDARD = gnu11;
				GCC_DYNAMIC_NO_PIC = NO;
				GCC_NO_COMMON_BLOCKS = YES;
				GCC_OPTIMIZATION_LEVEL = 0;
				GCC_PREPROCESSOR_DEFINITIONS = (
					"DEBUG=1",
					"$(inherited)",
				);
				GCC_WARN_64_TO_32_BIT_CONVERSION = YES;
				GCC_WARN_ABOUT_RETURN_TYPE = YES_ERROR;
				GCC_WARN_UNDECLARED_SELECTOR = YES;
				GCC_WARN_UNINITIALIZED_AUTOS = YES_AGGRESSIVE;
				GCC_WARN_UNUSED_FUNCTION = YES;
				GCC_WARN_UNUSED_VARIABLE = YES;
				IPHONEOS_DEPLOYMENT_TARGET = 13.0;
				MTL_ENABLE_DEBUG_INFO = INCLUDE_SOURCE;
				MTL_FAST_MATH = YES;
				ONLY_ACTIVE_ARCH = YES;
				SDKROOT = iphoneos;
				SWIFT_ACTIVE_COMPILATION_CONDITIONS = DEBUG;
				SWIFT_OPTIMIZATION_LEVEL = "-Onone";
			};
			name = Debug;
		};
		DAA221BD29C0F6FA00C7F80C /* Release */ = {
			isa = XCBuildConfiguration;
			buildSettings = {
				ALWAYS_SEARCH_USER_PATHS = NO;
				CLANG_ANALYZER_NONNULL = YES;
				CLANG_ANALYZER_NUMBER_OBJECT_CONVERSION = YES_AGGRESSIVE;
				CLANG_CXX_LANGUAGE_STANDARD = "gnu++20";
				CLANG_ENABLE_MODULES = YES;
				CLANG_ENABLE_OBJC_ARC = YES;
				CLANG_ENABLE_OBJC_WEAK = YES;
				CLANG_WARN_BLOCK_CAPTURE_AUTORELEASING = YES;
				CLANG_WARN_BOOL_CONVERSION = YES;
				CLANG_WARN_COMMA = YES;
				CLANG_WARN_CONSTANT_CONVERSION = YES;
				CLANG_WARN_DEPRECATED_OBJC_IMPLEMENTATIONS = YES;
				CLANG_WARN_DIRECT_OBJC_ISA_USAGE = YES_ERROR;
				CLANG_WARN_DOCUMENTATION_COMMENTS = YES;
				CLANG_WARN_EMPTY_BODY = YES;
				CLANG_WARN_ENUM_CONVERSION = YES;
				CLANG_WARN_INFINITE_RECURSION = YES;
				CLANG_WARN_INT_CONVERSION = YES;
				CLANG_WARN_NON_LITERAL_NULL_CONVERSION = YES;
				CLANG_WARN_OBJC_IMPLICIT_RETAIN_SELF = YES;
				CLANG_WARN_OBJC_LITERAL_CONVERSION = YES;
				CLANG_WARN_OBJC_ROOT_CLASS = YES_ERROR;
				CLANG_WARN_QUOTED_INCLUDE_IN_FRAMEWORK_HEADER = YES;
				CLANG_WARN_RANGE_LOOP_ANALYSIS = YES;
				CLANG_WARN_STRICT_PROTOTYPES = YES;
				CLANG_WARN_SUSPICIOUS_MOVE = YES;
				CLANG_WARN_UNGUARDED_AVAILABILITY = YES_AGGRESSIVE;
				CLANG_WARN_UNREACHABLE_CODE = YES;
				CLANG_WARN__DUPLICATE_METHOD_MATCH = YES;
				COPY_PHASE_STRIP = NO;
				DEBUG_INFORMATION_FORMAT = "dwarf-with-dsym";
				ENABLE_NS_ASSERTIONS = NO;
				ENABLE_STRICT_OBJC_MSGSEND = YES;
				GCC_C_LANGUAGE_STANDARD = gnu11;
				GCC_NO_COMMON_BLOCKS = YES;
				GCC_WARN_64_TO_32_BIT_CONVERSION = YES;
				GCC_WARN_ABOUT_RETURN_TYPE = YES_ERROR;
				GCC_WARN_UNDECLARED_SELECTOR = YES;
				GCC_WARN_UNINITIALIZED_AUTOS = YES_AGGRESSIVE;
				GCC_WARN_UNUSED_FUNCTION = YES;
				GCC_WARN_UNUSED_VARIABLE = YES;
				IPHONEOS_DEPLOYMENT_TARGET = 13.0;
				MTL_ENABLE_DEBUG_INFO = NO;
				MTL_FAST_MATH = YES;
				SDKROOT = iphoneos;
				SWIFT_COMPILATION_MODE = wholemodule;
				SWIFT_OPTIMIZATION_LEVEL = "-O";
				VALIDATE_PRODUCT = YES;
			};
			name = Release;
		};
		DAA221BF29C0F6FA00C7F80C /* Debug */ = {
			isa = XCBuildConfiguration;
			baseConfigurationReference = 2BFA466739201D90065EE5F4 /* Pods-SemsNewsProject.debug.xcconfig */;
			buildSettings = {
				ASSETCATALOG_COMPILER_APPICON_NAME = AppIcon;
				ASSETCATALOG_COMPILER_GLOBAL_ACCENT_COLOR_NAME = AccentColor;
				CODE_SIGN_STYLE = Manual;
				CURRENT_PROJECT_VERSION = 1;
				DEVELOPMENT_TEAM = "";
				GENERATE_INFOPLIST_FILE = YES;
				INFOPLIST_FILE = SemsNewsProject/Info.plist;
				INFOPLIST_KEY_UIApplicationSupportsIndirectInputEvents = YES;
				INFOPLIST_KEY_UILaunchStoryboardName = LaunchScreen.storyboard;
				INFOPLIST_KEY_UIMainStoryboardFile = Login;
				INFOPLIST_KEY_UISupportedInterfaceOrientations_iPad = "UIInterfaceOrientationPortrait UIInterfaceOrientationPortraitUpsideDown UIInterfaceOrientationLandscapeLeft UIInterfaceOrientationLandscapeRight";
				INFOPLIST_KEY_UISupportedInterfaceOrientations_iPhone = "UIInterfaceOrientationPortrait UIInterfaceOrientationLandscapeLeft UIInterfaceOrientationLandscapeRight";
				IPHONEOS_DEPLOYMENT_TARGET = 13.0;
				LD_RUNPATH_SEARCH_PATHS = (
					"$(inherited)",
					"@executable_path/Frameworks",
				);
				MARKETING_VERSION = 1.0;
				PRODUCT_BUNDLE_IDENTIFIER = com.serhatdemir.SemsNewsProject;
				PRODUCT_NAME = "$(TARGET_NAME)";
				PROVISIONING_PROFILE_SPECIFIER = "";
				SWIFT_EMIT_LOC_STRINGS = YES;
				SWIFT_VERSION = 5.0;
				TARGETED_DEVICE_FAMILY = "1,2";
			};
			name = Debug;
		};
		DAA221C029C0F6FA00C7F80C /* Release */ = {
			isa = XCBuildConfiguration;
			baseConfigurationReference = 4458812D5E0F184844F62F4A /* Pods-SemsNewsProject.release.xcconfig */;
			buildSettings = {
				ASSETCATALOG_COMPILER_APPICON_NAME = AppIcon;
				ASSETCATALOG_COMPILER_GLOBAL_ACCENT_COLOR_NAME = AccentColor;
				CODE_SIGN_STYLE = Manual;
				CURRENT_PROJECT_VERSION = 1;
				DEVELOPMENT_TEAM = "";
				GENERATE_INFOPLIST_FILE = YES;
				INFOPLIST_FILE = SemsNewsProject/Info.plist;
				INFOPLIST_KEY_UIApplicationSupportsIndirectInputEvents = YES;
				INFOPLIST_KEY_UILaunchStoryboardName = LaunchScreen.storyboard;
				INFOPLIST_KEY_UIMainStoryboardFile = Login;
				INFOPLIST_KEY_UISupportedInterfaceOrientations_iPad = "UIInterfaceOrientationPortrait UIInterfaceOrientationPortraitUpsideDown UIInterfaceOrientationLandscapeLeft UIInterfaceOrientationLandscapeRight";
				INFOPLIST_KEY_UISupportedInterfaceOrientations_iPhone = "UIInterfaceOrientationPortrait UIInterfaceOrientationLandscapeLeft UIInterfaceOrientationLandscapeRight";
				IPHONEOS_DEPLOYMENT_TARGET = 13.0;
				LD_RUNPATH_SEARCH_PATHS = (
					"$(inherited)",
					"@executable_path/Frameworks",
				);
				MARKETING_VERSION = 1.0;
				PRODUCT_BUNDLE_IDENTIFIER = com.serhatdemir.SemsNewsProject;
				PRODUCT_NAME = "$(TARGET_NAME)";
				PROVISIONING_PROFILE_SPECIFIER = "";
				SWIFT_EMIT_LOC_STRINGS = YES;
				SWIFT_VERSION = 5.0;
				TARGETED_DEVICE_FAMILY = "1,2";
			};
			name = Release;
		};
/* End XCBuildConfiguration section */

/* Begin XCConfigurationList section */
		DAA221A529C0F6F600C7F80C /* Build configuration list for PBXProject "SemsNewsProject" */ = {
			isa = XCConfigurationList;
			buildConfigurations = (
				DAA221BC29C0F6FA00C7F80C /* Debug */,
				DAA221BD29C0F6FA00C7F80C /* Release */,
			);
			defaultConfigurationIsVisible = 0;
			defaultConfigurationName = Release;
		};
		DAA221BE29C0F6FA00C7F80C /* Build configuration list for PBXNativeTarget "SemsNewsProject" */ = {
			isa = XCConfigurationList;
			buildConfigurations = (
				DAA221BF29C0F6FA00C7F80C /* Debug */,
				DAA221C029C0F6FA00C7F80C /* Release */,
			);
			defaultConfigurationIsVisible = 0;
			defaultConfigurationName = Release;
		};
/* End XCConfigurationList section */
	};
	rootObject = DAA221A229C0F6F600C7F80C /* Project object */;
}
